// !$*UTF8*$!
{
	archiveVersion = 1;
	classes = {
	};
	objectVersion = 46;
	objects = {

/* Begin PBXBuildFile section */
		A3DEBDBB1D0FD4B60029261B /* main.m in Sources */ = {isa = PBXBuildFile; fileRef = A3DEBDBA1D0FD4B60029261B /* main.m */; };
		A3DEBDBE1D0FD4B60029261B /* AppDelegate.m in Sources */ = {isa = PBXBuildFile; fileRef = A3DEBDBD1D0FD4B60029261B /* AppDelegate.m */; };
		A3DEBDC11D0FD4B60029261B /* ViewController.m in Sources */ = {isa = PBXBuildFile; fileRef = A3DEBDC01D0FD4B60029261B /* ViewController.m */; };
		A3DEBDC41D0FD4B60029261B /* Main.storyboard in Resources */ = {isa = PBXBuildFile; fileRef = A3DEBDC21D0FD4B60029261B /* Main.storyboard */; };
		A3DEBDC61D0FD4B60029261B /* Images.xcassets in Resources */ = {isa = PBXBuildFile; fileRef = A3DEBDC51D0FD4B60029261B /* Images.xcassets */; };
		A3DEBDC91D0FD4B60029261B /* LaunchScreen.xib in Resources */ = {isa = PBXBuildFile; fileRef = A3DEBDC71D0FD4B60029261B /* LaunchScreen.xib */; };
		A3DEBDD51D0FD4B60029261B /* geofenceTests.m in Sources */ = {isa = PBXBuildFile; fileRef = A3DEBDD41D0FD4B60029261B /* geofenceTests.m */; };
		A3DEBDDF1D0FD4C80029261B /* MapKit.framework in Frameworks */ = {isa = PBXBuildFile; fileRef = A3DEBDDE1D0FD4C80029261B /* MapKit.framework */; };
		A3DEBDE11D0FD4CC0029261B /* CoreLocation.framework in Frameworks */ = {isa = PBXBuildFile; fileRef = A3DEBDE01D0FD4CC0029261B /* CoreLocation.framework */; };
/* End PBXBuildFile section */

/* Begin PBXContainerItemProxy section */
		A3DEBDCF1D0FD4B60029261B /* PBXContainerItemProxy */ = {
			isa = PBXContainerItemProxy;
			containerPortal = A3DEBDAD1D0FD4B60029261B /* Project object */;
			proxyType = 1;
			remoteGlobalIDString = A3DEBDB41D0FD4B60029261B;
			remoteInfo = geofence;
		};
/* End PBXContainerItemProxy section */

/* Begin PBXFileReference section */
		A3DEBDB51D0FD4B60029261B /* geofence.app */ = {isa = PBXFileReference; explicitFileType = wrapper.application; includeInIndex = 0; path = geofence.app; sourceTree = BUILT_PRODUCTS_DIR; };
		A3DEBDB91D0FD4B60029261B /* Info.plist */ = {isa = PBXFileReference; lastKnownFileType = text.plist.xml; path = Info.plist; sourceTree = "<group>"; };
		A3DEBDBA1D0FD4B60029261B /* main.m */ = {isa = PBXFileReference; lastKnownFileType = sourcecode.c.objc; path = main.m; sourceTree = "<group>"; };
		A3DEBDBC1D0FD4B60029261B /* AppDelegate.h */ = {isa = PBXFileReference; lastKnownFileType = sourcecode.c.h; path = AppDelegate.h; sourceTree = "<group>"; };
		A3DEBDBD1D0FD4B60029261B /* AppDelegate.m */ = {isa = PBXFileReference; lastKnownFileType = sourcecode.c.objc; path = AppDelegate.m; sourceTree = "<group>"; };
		A3DEBDBF1D0FD4B60029261B /* ViewController.h */ = {isa = PBXFileReference; lastKnownFileType = sourcecode.c.h; path = ViewController.h; sourceTree = "<group>"; };
		A3DEBDC01D0FD4B60029261B /* ViewController.m */ = {isa = PBXFileReference; lastKnownFileType = sourcecode.c.objc; path = ViewController.m; sourceTree = "<group>"; };
		A3DEBDC31D0FD4B60029261B /* Base */ = {isa = PBXFileReference; lastKnownFileType = file.storyboard; name = Base; path = Base.lproj/Main.storyboard; sourceTree = "<group>"; };
		A3DEBDC51D0FD4B60029261B /* Images.xcassets */ = {isa = PBXFileReference; lastKnownFileType = folder.assetcatalog; path = Images.xcassets; sourceTree = "<group>"; };
		A3DEBDC81D0FD4B60029261B /* Base */ = {isa = PBXFileReference; lastKnownFileType = file.xib; name = Base; path = Base.lproj/LaunchScreen.xib; sourceTree = "<group>"; };
		A3DEBDCE1D0FD4B60029261B /* geofenceTests.xctest */ = {isa = PBXFileReference; explicitFileType = wrapper.cfbundle; includeInIndex = 0; path = geofenceTests.xctest; sourceTree = BUILT_PRODUCTS_DIR; };
		A3DEBDD31D0FD4B60029261B /* Info.plist */ = {isa = PBXFileReference; lastKnownFileType = text.plist.xml; path = Info.plist; sourceTree = "<group>"; };
		A3DEBDD41D0FD4B60029261B /* geofenceTests.m */ = {isa = PBXFileReference; lastKnownFileType = sourcecode.c.objc; path = geofenceTests.m; sourceTree = "<group>"; };
		A3DEBDDE1D0FD4C80029261B /* MapKit.framework */ = {isa = PBXFileReference; lastKnownFileType = wrapper.framework; name = MapKit.framework; path = System/Library/Frameworks/MapKit.framework; sourceTree = SDKROOT; };
		A3DEBDE01D0FD4CC0029261B /* CoreLocation.framework */ = {isa = PBXFileReference; lastKnownFileType = wrapper.framework; name = CoreLocation.framework; path = System/Library/Frameworks/CoreLocation.framework; sourceTree = SDKROOT; };
/* End PBXFileReference section */

/* Begin PBXFrameworksBuildPhase section */
		A3DEBDB21D0FD4B60029261B /* Frameworks */ = {
			isa = PBXFrameworksBuildPhase;
			buildActionMask = 2147483647;
			files = (
				A3DEBDE11D0FD4CC0029261B /* CoreLocation.framework in Frameworks */,
				A3DEBDDF1D0FD4C80029261B /* MapKit.framework in Frameworks */,
			);
			runOnlyForDeploymentPostprocessing = 0;
		};
		A3DEBDCB1D0FD4B60029261B /* Frameworks */ = {
			isa = PBXFrameworksBuildPhase;
			buildActionMask = 2147483647;
			files = (
			);
			runOnlyForDeploymentPostprocessing = 0;
		};
/* End PBXFrameworksBuildPhase section */

/* Begin PBXGroup section */
		A3DEBDAC1D0FD4B60029261B = {
			isa = PBXGroup;
			children = (
				A3DEBDE01D0FD4CC0029261B /* CoreLocation.framework */,
				A3DEBDDE1D0FD4C80029261B /* MapKit.framework */,
				A3DEBDB71D0FD4B60029261B /* geofence */,
				A3DEBDD11D0FD4B60029261B /* geofenceTests */,
				A3DEBDB61D0FD4B60029261B /* Products */,
			);
			sourceTree = "<group>";
		};
		A3DEBDB61D0FD4B60029261B /* Products */ = {
			isa = PBXGroup;
			children = (
				A3DEBDB51D0FD4B60029261B /* geofence.app */,
				A3DEBDCE1D0FD4B60029261B /* geofenceTests.xctest */,
			);
			name = Products;
			sourceTree = "<group>";
		};
		A3DEBDB71D0FD4B60029261B /* geofence */ = {
			isa = PBXGroup;
			children = (
				A3DEBDBC1D0FD4B60029261B /* AppDelegate.h */,
				A3DEBDBD1D0FD4B60029261B /* AppDelegate.m */,
				A3DEBDBF1D0FD4B60029261B /* ViewController.h */,
				A3DEBDC01D0FD4B60029261B /* ViewController.m */,
				A3DEBDC21D0FD4B60029261B /* Main.storyboard */,
				A3DEBDC51D0FD4B60029261B /* Images.xcassets */,
				A3DEBDC71D0FD4B60029261B /* LaunchScreen.xib */,
				A3DEBDB81D0FD4B60029261B /* Supporting Files */,
			);
			path = geofence;
			sourceTree = "<group>";
		};
		A3DEBDB81D0FD4B60029261B /* Supporting Files */ = {
			isa = PBXGroup;
			children = (
				A3DEBDB91D0FD4B60029261B /* Info.plist */,
				A3DEBDBA1D0FD4B60029261B /* main.m */,
			);
			name = "Supporting Files";
			sourceTree = "<group>";
		};
		A3DEBDD11D0FD4B60029261B /* geofenceTests */ = {
			isa = PBXGroup;
			children = (
				A3DEBDD41D0FD4B60029261B /* geofenceTests.m */,
				A3DEBDD21D0FD4B60029261B /* Supporting Files */,
			);
			path = geofenceTests;
			sourceTree = "<group>";
		};
		A3DEBDD21D0FD4B60029261B /* Supporting Files */ = {
			isa = PBXGroup;
			children = (
				A3DEBDD31D0FD4B60029261B /* Info.plist */,
			);
			name = "Supporting Files";
			sourceTree = "<group>";
		};
/* End PBXGroup section */

/* Begin PBXNativeTarget section */
		A3DEBDB41D0FD4B60029261B /* geofence */ = {
			isa = PBXNativeTarget;
			buildConfigurationList = A3DEBDD81D0FD4B60029261B /* Build configuration list for PBXNativeTarget "geofence" */;
			buildPhases = (
				A3DEBDB11D0FD4B60029261B /* Sources */,
				A3DEBDB21D0FD4B60029261B /* Frameworks */,
				A3DEBDB31D0FD4B60029261B /* Resources */,
			);
			buildRules = (
			);
			dependencies = (
			);
			name = geofence;
			productName = geofence;
			productReference = A3DEBDB51D0FD4B60029261B /* geofence.app */;
			productType = "com.apple.product-type.application";
		};
		A3DEBDCD1D0FD4B60029261B /* geofenceTests */ = {
			isa = PBXNativeTarget;
			buildConfigurationList = A3DEBDDB1D0FD4B60029261B /* Build configuration list for PBXNativeTarget "geofenceTests" */;
			buildPhases = (
				A3DEBDCA1D0FD4B60029261B /* Sources */,
				A3DEBDCB1D0FD4B60029261B /* Frameworks */,
				A3DEBDCC1D0FD4B60029261B /* Resources */,
			);
			buildRules = (
			);
			dependencies = (
				A3DEBDD01D0FD4B60029261B /* PBXTargetDependency */,
			);
			name = geofenceTests;
			productName = geofenceTests;
			productReference = A3DEBDCE1D0FD4B60029261B /* geofenceTests.xctest */;
			productType = "com.apple.product-type.bundle.unit-test";
		};
/* End PBXNativeTarget section */

/* Begin PBXProject section */
		A3DEBDAD1D0FD4B60029261B /* Project object */ = {
			isa = PBXProject;
			attributes = {
				LastUpgradeCheck = 0630;
				ORGANIZATIONNAME = macpc;
				TargetAttributes = {
					A3DEBDB41D0FD4B60029261B = {
						CreatedOnToolsVersion = 6.3.2;
					};
					A3DEBDCD1D0FD4B60029261B = {
						CreatedOnToolsVersion = 6.3.2;
						TestTargetID = A3DEBDB41D0FD4B60029261B;
					};
				};
			};
			buildConfigurationList = A3DEBDB01D0FD4B60029261B /* Build configuration list for PBXProject "geofence" */;
			compatibilityVersion = "Xcode 3.2";
			developmentRegion = English;
			hasScannedForEncodings = 0;
			knownRegions = (
				en,
				Base,
			);
			mainGroup = A3DEBDAC1D0FD4B60029261B;
			productRefGroup = A3DEBDB61D0FD4B60029261B /* Products */;
			projectDirPath = "";
			projectRoot = "";
			targets = (
				A3DEBDB41D0FD4B60029261B /* geofence */,
				A3DEBDCD1D0FD4B60029261B /* geofenceTests */,
			);
		};
/* End PBXProject section */

/* Begin PBXResourcesBuildPhase section */
		A3DEBDB31D0FD4B60029261B /* Resources */ = {
			isa = PBXResourcesBuildPhase;
			buildActionMask = 2147483647;
			files = (
				A3DEBDC41D0FD4B60029261B /* Main.storyboard in Resources */,
				A3DEBDC91D0FD4B60029261B /* LaunchScreen.xib in Resources */,
				A3DEBDC61D0FD4B60029261B /* Images.xcassets in Resources */,
			);
			runOnlyForDeploymentPostprocessing = 0;
		};
		A3DEBDCC1D0FD4B60029261B /* Resources */ = {
			isa = PBXResourcesBuildPhase;
			buildActionMask = 2147483647;
			files = (
			);
			runOnlyForDeploymentPostprocessing = 0;
		};
/* End PBXResourcesBuildPhase section */

/* Begin PBXSourcesBuildPhase section */
		A3DEBDB11D0FD4B60029261B /* Sources */ = {
			isa = PBXSourcesBuildPhase;
			buildActionMask = 2147483647;
			files = (
				A3DEBDC11D0FD4B60029261B /* ViewController.m in Sources */,
				A3DEBDBE1D0FD4B60029261B /* AppDelegate.m in Sources */,
				A3DEBDBB1D0FD4B60029261B /* main.m in Sources */,
			);
			runOnlyForDeploymentPostprocessing = 0;
		};
		A3DEBDCA1D0FD4B60029261B /* Sources */ = {
			isa = PBXSourcesBuildPhase;
			buildActionMask = 2147483647;
			files = (
				A3DEBDD51D0FD4B60029261B /* geofenceTests.m in Sources */,
			);
			runOnlyForDeploymentPostprocessing = 0;
		};
/* End PBXSourcesBuildPhase section */

/* Begin PBXTargetDependency section */
		A3DEBDD01D0FD4B60029261B /* PBXTargetDependency */ = {
			isa = PBXTargetDependency;
			target = A3DEBDB41D0FD4B60029261B /* geofence */;
			targetProxy = A3DEBDCF1D0FD4B60029261B /* PBXContainerItemProxy */;
		};
/* End PBXTargetDependency section */

/* Begin PBXVariantGroup section */
		A3DEBDC21D0FD4B60029261B /* Main.storyboard */ = {
			isa = PBXVariantGroup;
			children = (
				A3DEBDC31D0FD4B60029261B /* Base */,
			);
			name = Main.storyboard;
			sourceTree = "<group>";
		};
		A3DEBDC71D0FD4B60029261B /* LaunchScreen.xib */ = {
			isa = PBXVariantGroup;
			children = (
				A3DEBDC81D0FD4B60029261B /* Base */,
			);
			name = LaunchScreen.xib;
			sourceTree = "<group>";
		};
/* End PBXVariantGroup section */

/* Begin XCBuildConfiguration section */
		A3DEBDD61D0FD4B60029261B /* Debug */ = {
			isa = XCBuildConfiguration;
			buildSettings = {
				ALWAYS_SEARCH_USER_PATHS = NO;
				CLANG_CXX_LANGUAGE_STANDARD = "gnu++0x";
				CLANG_CXX_LIBRARY = "libc++";
				CLANG_ENABLE_MODULES = YES;
				CLANG_ENABLE_OBJC_ARC = YES;
				CLANG_WARN_BOOL_CONVERSION = YES;
				CLANG_WARN_CONSTANT_CONVERSION = YES;
				CLANG_WARN_DIRECT_OBJC_ISA_USAGE = YES_ERROR;
				CLANG_WARN_EMPTY_BODY = YES;
				CLANG_WARN_ENUM_CONVERSION = YES;
				CLANG_WARN_INT_CONVERSION = YES;
				CLANG_WARN_OBJC_ROOT_CLASS = YES_ERROR;
				CLANG_WARN_UNREACHABLE_CODE = YES;
				CLANG_WARN__DUPLICATE_METHOD_MATCH = YES;
				"CODE_SIGN_IDENTITY[sdk=iphoneos*]" = "iPhone Developer";
				COPY_PHASE_STRIP = NO;
				DEBUG_INFORMATION_FORMAT = "dwarf-with-dsym";
				ENABLE_STRICT_OBJC_MSGSEND = YES;
				GCC_C_LANGUAGE_STANDARD = gnu99;
				GCC_DYNAMIC_NO_PIC = NO;
				GCC_NO_COMMON_BLOCKS = YES;
				GCC_OPTIMIZATION_LEVEL = 0;
				GCC_PREPROCESSOR_DEFINITIONS = (
					"DEBUG=1",
					"$(inherited)",
				);
				GCC_SYMBOLS_PRIVATE_EXTERN = NO;
				GCC_WARN_64_TO_32_BIT_CONVERSION = YES;
				GCC_WARN_ABOUT_RETURN_TYPE = YES_ERROR;
				GCC_WARN_UNDECLARED_SELECTOR = YES;
				GCC_WARN_UNINITIALIZED_AUTOS = YES_AGGRESSIVE;
				GCC_WARN_UNUSED_FUNCTION = YES;
				GCC_WARN_UNUSED_VARIABLE = YES;
				IPHONEOS_DEPLOYMENT_TARGET = 8.3;
				MTL_ENABLE_DEBUG_INFO = YES;
				ONLY_ACTIVE_ARCH = YES;
				SDKROOT = iphoneos;
			};
			name = Debug;
		};
		A3DEBDD71D0FD4B60029261B /* Release */ = {
			isa = XCBuildConfiguration;
			buildSettings = {
				ALWAYS_SEARCH_USER_PATHS = NO;
				CLANG_CXX_LANGUAGE_STANDARD = "gnu++0x";
				CLANG_CXX_LIBRARY = "libc++";
				CLANG_ENABLE_MODULES = YES;
				CLANG_ENABLE_OBJC_ARC = YES;
				CLANG_WARN_BOOL_CONVERSION = YES;
				CLANG_WARN_CONSTANT_CONVERSION = YES;
				CLANG_WARN_DIRECT_OBJC_ISA_USAGE = YES_ERROR;
				CLANG_WARN_EMPTY_BODY = YES;
				CLANG_WARN_ENUM_CONVERSION = YES;
				CLANG_WARN_INT_CONVERSION = YES;
				CLANG_WARN_OBJC_ROOT_CLASS = YES_ERROR;
				CLANG_WARN_UNREACHABLE_CODE = YES;
				CLANG_WARN__DUPLICATE_METHOD_MATCH = YES;
				"CODE_SIGN_IDENTITY[sdk=iphoneos*]" = "iPhone Developer";
				COPY_PHASE_STRIP = NO;
				DEBUG_INFORMATION_FORMAT = "dwarf-with-dsym";
				ENABLE_NS_ASSERTIONS = NO;
				ENABLE_STRICT_OBJC_MSGSEND = YES;
				GCC_C_LANGUAGE_STANDARD = gnu99;
				GCC_NO_COMMON_BLOCKS = YES;
				GCC_WARN_64_TO_32_BIT_CONVERSION = YES;
				GCC_WARN_ABOUT_RETURN_TYPE = YES_ERROR;
				GCC_WARN_UNDECLARED_SELECTOR = YES;
				GCC_WARN_UNINITIALIZED_AUTOS = YES_AGGRESSIVE;
				GCC_WARN_UNUSED_FUNCTION = YES;
				GCC_WARN_UNUSED_VARIABLE = YES;
				IPHONEOS_DEPLOYMENT_TARGET = 8.3;
				MTL_ENABLE_DEBUG_INFO = NO;
				SDKROOT = iphoneos;
				VALIDATE_PRODUCT = YES;
			};
			name = Release;
		};
		A3DEBDD91D0FD4B60029261B /* Debug */ = {
			isa = XCBuildConfiguration;
			buildSettings = {
				ASSETCATALOG_COMPILER_APPICON_NAME = AppIcon;
				INFOPLIST_FILE = geofence/Info.plist;
				IPHONEOS_DEPLOYMENT_TARGET = 7.1;
				LD_RUNPATH_SEARCH_PATHS = "$(inherited) @executable_path/Frameworks";
				PRODUCT_NAME = "$(TARGET_NAME)";
			};
			name = Debug;
		};
		A3DEBDDA1D0FD4B60029261B /* Release */ = {
			isa = XCBuildConfiguration;
			buildSettings = {
				ASSETCATALOG_COMPILER_APPICON_NAME = AppIcon;
				INFOPLIST_FILE = geofence/Info.plist;
				IPHONEOS_DEPLOYMENT_TARGET = 7.1;
				LD_RUNPATH_SEARCH_PATHS = "$(inherited) @executable_path/Frameworks";
				PRODUCT_NAME = "$(TARGET_NAME)";
			};
			name = Release;
		};
		A3DEBDDC1D0FD4B60029261B /* Debug */ = {
			isa = XCBuildConfiguration;
			buildSettings = {
				BUNDLE_LOADER = "$(TEST_HOST)";
				FRAMEWORK_SEARCH_PATHS = (
					"$(SDKROOT)/Developer/Library/Frameworks",
					"$(inherited)",
				);
				GCC_PREPROCESSOR_DEFINITIONS = (
					"DEBUG=1",
					"$(inherited)",
				);
				INFOPLIST_FILE = geofenceTests/Info.plist;
				LD_RUNPATH_SEARCH_PATHS = "$(inherited) @executable_path/Frameworks @loader_path/Frameworks";
				PRODUCT_NAME = "$(TARGET_NAME)";
				TEST_HOST = "$(BUILT_PRODUCTS_DIR)/geofence.app/geofence";
			};
			name = Debug;
		};
		A3DEBDDD1D0FD4B60029261B /* Release */ = {
			isa = XCBuildConfiguration;
			buildSettings = {
				BUNDLE_LOADER = "$(TEST_HOST)";
				FRAMEWORK_SEARCH_PATHS = (
					"$(SDKROOT)/Developer/Library/Frameworks",
					"$(inherited)",
				);
				INFOPLIST_FILE = geofenceTests/Info.plist;
				LD_RUNPATH_SEARCH_PATHS = "$(inherited) @executable_path/Frameworks @loader_path/Frameworks";
				PRODUCT_NAME = "$(TARGET_NAME)";
				TEST_HOST = "$(BUILT_PRODUCTS_DIR)/geofence.app/geofence";
			};
			name = Release;
		};
/* End XCBuildConfiguration section */

/* Begin XCConfigurationList section */
		A3DEBDB01D0FD4B60029261B /* Build configuration list for PBXProject "geofence" */ = {
			isa = XCConfigurationList;
			buildConfigurations = (
				A3DEBDD61D0FD4B60029261B /* Debug */,
				A3DEBDD71D0FD4B60029261B /* Release */,
			);
			defaultConfigurationIsVisible = 0;
			defaultConfigurationName = Release;
		};
		A3DEBDD81D0FD4B60029261B /* Build configuration list for PBXNativeTarget "geofence" */ = {
			isa = XCConfigurationList;
			buildConfigurations = (
				A3DEBDD91D0FD4B60029261B /* Debug */,
				A3DEBDDA1D0FD4B60029261B /* Release */,
			);
			defaultConfigurationIsVisible = 0;
		};
		A3DEBDDB1D0FD4B60029261B /* Build configuration list for PBXNativeTarget "geofenceTests" */ = {
			isa = XCConfigurationList;
			buildConfigurations = (
				A3DEBDDC1D0FD4B60029261B /* Debug */,
				A3DEBDDD1D0FD4B60029261B /* Release */,
			);
			defaultConfigurationIsVisible = 0;
		};
/* End XCConfigurationList section */
	};
	rootObject = A3DEBDAD1D0FD4B60029261B /* Project object */;
}
